
Microsoft Visual Studio Solution File, Format Version 12.00
# Visual Studio 14
VisualStudioVersion = 14.0.25420.1
MinimumVisualStudioVersion = 10.0.40219.1
Project("{FAE04EC0-301F-11D3-BF4B-00C04F79EFBC}") = "NewSupersive", "NewSupersive\NewSupersive.csproj", "{C1C48396-23C5-4D21-A605-7573974D7D54}"
EndProject
Project("{FAE04EC0-301F-11D3-BF4B-00C04F79EFBC}") = "DAL", "DAL\DAL.csproj", "{EE05E1F9-C378-4412-A419-7578DD1DCD15}"
EndProject
Project("{FAE04EC0-301F-11D3-BF4B-00C04F79EFBC}") = "BLL", "BLL\BLL.csproj", "{4C0C15D5-D12A-4AA3-880C-A1CD89A05556}"
EndProject
Project("{FAE04EC0-301F-11D3-BF4B-00C04F79EFBC}") = "Models", "Models\Models.csproj", "{D7618CF4-2FE2-4952-8942-DEE097DFC099}"
EndProject
Project("{FAE04EC0-301F-11D3-BF4B-00C04F79EFBC}") = "DBUtility", "DBUtility\DBUtility.csproj", "{B651142A-24FC-4410-8560-B69AA0957B8D}"
EndProject
Global
	GlobalSection(SolutionConfigurationPlatforms) = preSolution
		Debug|Any CPU = Debug|Any CPU
		Release|Any CPU = Release|Any CPU
	EndGlobalSection
	GlobalSection(ProjectConfigurationPlatforms) = postSolution
		{C1C48396-23C5-4D21-A605-7573974D7D54}.Debug|Any CPU.ActiveCfg = Debug|Any CPU
		{C1C48396-23C5-4D21-A605-7573974D7D54}.Debug|Any CPU.Build.0 = Debug|Any CPU
		{C1C48396-23C5-4D21-A605-7573974D7D54}.Release|Any CPU.ActiveCfg = Release|Any CPU
		{C1C48396-23C5-4D21-A605-7573974D7D54}.Release|Any CPU.Build.0 = Release|Any CPU
		{EE05E1F9-C378-4412-A419-7578DD1DCD15}.Debug|Any CPU.ActiveCfg = Debug|Any CPU
		{EE05E1F9-C378-4412-A419-7578DD1DCD15}.Debug|Any CPU.Build.0 = Debug|Any CPU
		{EE05E1F9-C378-4412-A419-7578DD1DCD15}.Release|Any CPU.ActiveCfg = Release|Any CPU
		{EE05E1F9-C378-4412-A419-7578DD1DCD15}.Release|Any CPU.Build.0 = Release|Any CPU
		{4C0C15D5-D12A-4AA3-880C-A1CD89A05556}.Debug|Any CPU.ActiveCfg = Debug|Any CPU
		{4C0C15D5-D12A-4AA3-880C-A1CD89A05556}.Debug|Any CPU.Build.0 = Debug|Any CPU
		{4C0C15D5-D12A-4AA3-880C-A1CD89A05556}.Release|Any CPU.ActiveCfg = Release|Any CPU
		{4C0C15D5-D12A-4AA3-880C-A1CD89A05556}.Release|Any CPU.Build.0 = Release|Any CPU
		{D7618CF4-2FE2-4952-8942-DEE097DFC099}.Debug|Any CPU.ActiveCfg = Debug|Any CPU
		{D7618CF4-2FE2-4952-8942-DEE097DFC099}.Debug|Any CPU.Build.0 = Debug|Any CPU
		{D7618CF4-2FE2-4952-8942-DEE097DFC099}.Release|Any CPU.ActiveCfg = Release|Any CPU
		{D7618CF4-2FE2-4952-8942-DEE097DFC099}.Release|Any CPU.Build.0 = Release|Any CPU
		{B651142A-24FC-4410-8560-B69AA0957B8D}.Debug|Any CPU.ActiveCfg = Debug|Any CPU
		{B651142A-24FC-4410-8560-B69AA0957B8D}.Debug|Any CPU.Build.0 = Debug|Any CPU
		{B651142A-24FC-4410-8560-B69AA0957B8D}.Release|Any CPU.ActiveCfg = Release|Any CPU
		{B651142A-24FC-4410-8560-B69AA0957B8D}.Release|Any CPU.Build.0 = Release|Any CPU
	EndGlobalSection
	GlobalSection(SolutionProperties) = preSolution
		HideSolutionNode = FALSE
	EndGlobalSection
EndGlobal
